
Microsoft Visual Studio Solution File, Format Version 12.00
# Visual Studio 2012
Project("{FAE04EC0-301F-11D3-BF4B-00C04F79EFBC}") = "TestHarnessConsole", "TestHarnessConsole\TestHarnessConsole.csproj", "{14F04F1D-7662-4A2C-AC14-32F2FD6E019E}"
EndProject
Global
	GlobalSection(SolutionConfigurationPlatforms) = preSolution
		Debug|Any CPU = Debug|Any CPU
		Release|Any CPU = Release|Any CPU
	EndGlobalSection
	GlobalSection(ProjectConfigurationPlatforms) = postSolution
		{14F04F1D-7662-4A2C-AC14-32F2FD6E019E}.Debug|Any CPU.ActiveCfg = Debug|Any CPU
		{14F04F1D-7662-4A2C-AC14-32F2FD6E019E}.Debug|Any CPU.Build.0 = Debug|Any CPU
		{14F04F1D-7662-4A2C-AC14-32F2FD6E019E}.Release|Any CPU.ActiveCfg = Release|Any CPU
		{14F04F1D-7662-4A2C-AC14-32F2FD6E019E}.Release|Any CPU.Build.0 = Release|Any CPU
	EndGlobalSection
	GlobalSection(SolutionProperties) = preSolution
		HideSolutionNode = FALSE
	EndGlobalSection
EndGlobal
